
Microsoft Visual Studio Solution File, Format Version 12.00
# Visual Studio Version 16
VisualStudioVersion = 16.0.30517.126
MinimumVisualStudioVersion = 10.0.40219.1
Project("{FAE04EC0-301F-11D3-BF4B-00C04F79EFBC}") = "OOPpart1", "OOPpart1\OOPpart1.csproj", "{F7AC5383-F6D7-42F6-A122-849911B07D37}"
EndProject
Project("{FAE04EC0-301F-11D3-BF4B-00C04F79EFBC}") = "OOPcat", "OOPcat\OOPcat.csproj", "{ED8919F0-945F-4D85-AF09-F41C318A1027}"
EndProject
Global
	GlobalSection(SolutionConfigurationPlatforms) = preSolution
		Debug|Any CPU = Debug|Any CPU
		Release|Any CPU = Release|Any CPU
	EndGlobalSection
	GlobalSection(ProjectConfigurationPlatforms) = postSolution
		{F7AC5383-F6D7-42F6-A122-849911B07D37}.Debug|Any CPU.ActiveCfg = Debug|Any CPU
		{F7AC5383-F6D7-42F6-A122-849911B07D37}.Debug|Any CPU.Build.0 = Debug|Any CPU
		{F7AC5383-F6D7-42F6-A122-849911B07D37}.Release|Any CPU.ActiveCfg = Release|Any CPU
		{F7AC5383-F6D7-42F6-A122-849911B07D37}.Release|Any CPU.Build.0 = Release|Any CPU
		{ED8919F0-945F-4D85-AF09-F41C318A1027}.Debug|Any CPU.ActiveCfg = Debug|Any CPU
		{ED8919F0-945F-4D85-AF09-F41C318A1027}.Debug|Any CPU.Build.0 = Debug|Any CPU
		{ED8919F0-945F-4D85-AF09-F41C318A1027}.Release|Any CPU.ActiveCfg = Release|Any CPU
		{ED8919F0-945F-4D85-AF09-F41C318A1027}.Release|Any CPU.Build.0 = Release|Any CPU
	EndGlobalSection
	GlobalSection(SolutionProperties) = preSolution
		HideSolutionNode = FALSE
	EndGlobalSection
	GlobalSection(ExtensibilityGlobals) = postSolution
		SolutionGuid = {026B938A-B68C-4896-B8DA-F6FE58C39A12}
	EndGlobalSection
EndGlobal
